// !$*UTF8*$!
{
	archiveVersion = 1;
	classes = {
	};
	objectVersion = 46;
	objects = {

/* Begin PBXBuildFile section */
		D47D98B41B5D46D0005D4E92 /* ControllerRegistro.m in Sources */ = {isa = PBXBuildFile; fileRef = D47D98B31B5D46D0005D4E92 /* ControllerRegistro.m */; };
		D47D98B61B5D535C005D4E92 /* libAFNetworking.a in Frameworks */ = {isa = PBXBuildFile; fileRef = D47D98B51B5D535C005D4E92 /* libAFNetworking.a */; };
		D47D98B81B5D5396005D4E92 /* libPods.a in Frameworks */ = {isa = PBXBuildFile; fileRef = D47D98B71B5D5396005D4E92 /* libPods.a */; };
		D47D98C81B5D6D38005D4E92 /* TableViewControllerDiscos.m in Sources */ = {isa = PBXBuildFile; fileRef = D47D98C61B5D6D38005D4E92 /* TableViewControllerDiscos.m */; };
		D47D98C91B5D6D38005D4E92 /* TableViewControllerDiscos.xib in Resources */ = {isa = PBXBuildFile; fileRef = D47D98C71B5D6D38005D4E92 /* TableViewControllerDiscos.xib */; };
		D47D98CF1B5D903B005D4E92 /* Disco.m in Sources */ = {isa = PBXBuildFile; fileRef = D47D98CE1B5D903B005D4E92 /* Disco.m */; };
		D47D990B1B5DA61B005D4E92 /* controllerGeneral.m in Sources */ = {isa = PBXBuildFile; fileRef = D47D99091B5DA61B005D4E92 /* controllerGeneral.m */; };
		D47D990C1B5DA61B005D4E92 /* controllerGeneral.xib in Resources */ = {isa = PBXBuildFile; fileRef = D47D990A1B5DA61B005D4E92 /* controllerGeneral.xib */; };
		D4D401321B5D3D0700BEB84C /* main.m in Sources */ = {isa = PBXBuildFile; fileRef = D4D401311B5D3D0700BEB84C /* main.m */; };
		D4D401351B5D3D0700BEB84C /* AppDelegate.m in Sources */ = {isa = PBXBuildFile; fileRef = D4D401341B5D3D0700BEB84C /* AppDelegate.m */; };
		D4D401381B5D3D0700BEB84C /* ViewController.m in Sources */ = {isa = PBXBuildFile; fileRef = D4D401371B5D3D0700BEB84C /* ViewController.m */; };
		D4D4013B1B5D3D0700BEB84C /* Main.storyboard in Resources */ = {isa = PBXBuildFile; fileRef = D4D401391B5D3D0700BEB84C /* Main.storyboard */; };
		D4D4013D1B5D3D0700BEB84C /* Images.xcassets in Resources */ = {isa = PBXBuildFile; fileRef = D4D4013C1B5D3D0700BEB84C /* Images.xcassets */; };
		D4D401401B5D3D0700BEB84C /* LaunchScreen.xib in Resources */ = {isa = PBXBuildFile; fileRef = D4D4013E1B5D3D0700BEB84C /* LaunchScreen.xib */; };
		D4D4014C1B5D3D0700BEB84C /* TiendaDiscosTests.m in Sources */ = {isa = PBXBuildFile; fileRef = D4D4014B1B5D3D0700BEB84C /* TiendaDiscosTests.m */; };
/* End PBXBuildFile section */

/* Begin PBXContainerItemProxy section */
		D4D401461B5D3D0700BEB84C /* PBXContainerItemProxy */ = {
			isa = PBXContainerItemProxy;
			containerPortal = D4D401241B5D3D0700BEB84C /* Project object */;
			proxyType = 1;
			remoteGlobalIDString = D4D4012B1B5D3D0700BEB84C;
			remoteInfo = TiendaDiscos;
		};
/* End PBXContainerItemProxy section */

/* Begin PBXFileReference section */
		2FF827406001E5B1B44270B7 /* libPods.a */ = {isa = PBXFileReference; explicitFileType = archive.ar; includeInIndex = 0; path = libPods.a; sourceTree = BUILT_PRODUCTS_DIR; };
		C348FF247D463C1970FA43B3 /* Pods.release.xcconfig */ = {isa = PBXFileReference; includeInIndex = 1; lastKnownFileType = text.xcconfig; name = Pods.release.xcconfig; path = "Pods/Target Support Files/Pods/Pods.release.xcconfig"; sourceTree = "<group>"; };
		D47D98B21B5D46D0005D4E92 /* ControllerRegistro.h */ = {isa = PBXFileReference; fileEncoding = 4; lastKnownFileType = sourcecode.c.h; path = ControllerRegistro.h; sourceTree = "<group>"; };
		D47D98B31B5D46D0005D4E92 /* ControllerRegistro.m */ = {isa = PBXFileReference; fileEncoding = 4; lastKnownFileType = sourcecode.c.objc; path = ControllerRegistro.m; sourceTree = "<group>"; };
		D47D98B51B5D535C005D4E92 /* libAFNetworking.a */ = {isa = PBXFileReference; lastKnownFileType = archive.ar; name = libAFNetworking.a; path = "Pods/../build/Debug-iphoneos/libAFNetworking.a"; sourceTree = "<group>"; };
		D47D98B71B5D5396005D4E92 /* libPods.a */ = {isa = PBXFileReference; lastKnownFileType = archive.ar; name = libPods.a; path = "Pods/../build/Debug-iphoneos/libPods.a"; sourceTree = "<group>"; };
		D47D98C51B5D6D38005D4E92 /* TableViewControllerDiscos.h */ = {isa = PBXFileReference; fileEncoding = 4; lastKnownFileType = sourcecode.c.h; path = TableViewControllerDiscos.h; sourceTree = "<group>"; };
		D47D98C61B5D6D38005D4E92 /* TableViewControllerDiscos.m */ = {isa = PBXFileReference; fileEncoding = 4; lastKnownFileType = sourcecode.c.objc; path = TableViewControllerDiscos.m; sourceTree = "<group>"; };
		D47D98C71B5D6D38005D4E92 /* TableViewControllerDiscos.xib */ = {isa = PBXFileReference; fileEncoding = 4; lastKnownFileType = file.xib; path = TableViewControllerDiscos.xib; sourceTree = "<group>"; };
		D47D98CD1B5D903B005D4E92 /* Disco.h */ = {isa = PBXFileReference; fileEncoding = 4; lastKnownFileType = sourcecode.c.h; path = Disco.h; sourceTree = "<group>"; };
		D47D98CE1B5D903B005D4E92 /* Disco.m */ = {isa = PBXFileReference; fileEncoding = 4; lastKnownFileType = sourcecode.c.objc; path = Disco.m; sourceTree = "<group>"; };
		D47D99081B5DA61B005D4E92 /* controllerGeneral.h */ = {isa = PBXFileReference; fileEncoding = 4; lastKnownFileType = sourcecode.c.h; path = controllerGeneral.h; sourceTree = "<group>"; };
		D47D99091B5DA61B005D4E92 /* controllerGeneral.m */ = {isa = PBXFileReference; fileEncoding = 4; lastKnownFileType = sourcecode.c.objc; path = controllerGeneral.m; sourceTree = "<group>"; };
		D47D990A1B5DA61B005D4E92 /* controllerGeneral.xib */ = {isa = PBXFileReference; fileEncoding = 4; lastKnownFileType = file.xib; path = controllerGeneral.xib; sourceTree = "<group>"; };
		D4D4012C1B5D3D0700BEB84C /* TiendaDiscos.app */ = {isa = PBXFileReference; explicitFileType = wrapper.application; includeInIndex = 0; path = TiendaDiscos.app; sourceTree = BUILT_PRODUCTS_DIR; };
		D4D401301B5D3D0700BEB84C /* Info.plist */ = {isa = PBXFileReference; lastKnownFileType = text.plist.xml; path = Info.plist; sourceTree = "<group>"; };
		D4D401311B5D3D0700BEB84C /* main.m */ = {isa = PBXFileReference; lastKnownFileType = sourcecode.c.objc; path = main.m; sourceTree = "<group>"; };
		D4D401331B5D3D0700BEB84C /* AppDelegate.h */ = {isa = PBXFileReference; lastKnownFileType = sourcecode.c.h; path = AppDelegate.h; sourceTree = "<group>"; };
		D4D401341B5D3D0700BEB84C /* AppDelegate.m */ = {isa = PBXFileReference; lastKnownFileType = sourcecode.c.objc; path = AppDelegate.m; sourceTree = "<group>"; };
		D4D401361B5D3D0700BEB84C /* ViewController.h */ = {isa = PBXFileReference; lastKnownFileType = sourcecode.c.h; path = ViewController.h; sourceTree = "<group>"; };
		D4D401371B5D3D0700BEB84C /* ViewController.m */ = {isa = PBXFileReference; lastKnownFileType = sourcecode.c.objc; path = ViewController.m; sourceTree = "<group>"; };
		D4D4013A1B5D3D0700BEB84C /* Base */ = {isa = PBXFileReference; lastKnownFileType = file.storyboard; name = Base; path = Base.lproj/Main.storyboard; sourceTree = "<group>"; };
		D4D4013C1B5D3D0700BEB84C /* Images.xcassets */ = {isa = PBXFileReference; lastKnownFileType = folder.assetcatalog; path = Images.xcassets; sourceTree = "<group>"; };
		D4D4013F1B5D3D0700BEB84C /* Base */ = {isa = PBXFileReference; lastKnownFileType = file.xib; name = Base; path = Base.lproj/LaunchScreen.xib; sourceTree = "<group>"; };
		D4D401451B5D3D0700BEB84C /* TiendaDiscosTests.xctest */ = {isa = PBXFileReference; explicitFileType = wrapper.cfbundle; includeInIndex = 0; path = TiendaDiscosTests.xctest; sourceTree = BUILT_PRODUCTS_DIR; };
		D4D4014A1B5D3D0700BEB84C /* Info.plist */ = {isa = PBXFileReference; lastKnownFileType = text.plist.xml; path = Info.plist; sourceTree = "<group>"; };
		D4D4014B1B5D3D0700BEB84C /* TiendaDiscosTests.m */ = {isa = PBXFileReference; lastKnownFileType = sourcecode.c.objc; path = TiendaDiscosTests.m; sourceTree = "<group>"; };
		EF30459669A9BD775B8E2778 /* Pods.debug.xcconfig */ = {isa = PBXFileReference; includeInIndex = 1; lastKnownFileType = text.xcconfig; name = Pods.debug.xcconfig; path = "Pods/Target Support Files/Pods/Pods.debug.xcconfig"; sourceTree = "<group>"; };
/* End PBXFileReference section */

/* Begin PBXFrameworksBuildPhase section */
		D4D401291B5D3D0700BEB84C /* Frameworks */ = {
			isa = PBXFrameworksBuildPhase;
			buildActionMask = 2147483647;
			files = (
				D47D98B81B5D5396005D4E92 /* libPods.a in Frameworks */,
				D47D98B61B5D535C005D4E92 /* libAFNetworking.a in Frameworks */,
			);
			runOnlyForDeploymentPostprocessing = 0;
		};
		D4D401421B5D3D0700BEB84C /* Frameworks */ = {
			isa = PBXFrameworksBuildPhase;
			buildActionMask = 2147483647;
			files = (
			);
			runOnlyForDeploymentPostprocessing = 0;
		};
/* End PBXFrameworksBuildPhase section */

/* Begin PBXGroup section */
		A330BB18926E3E6ABBD4094E /* Frameworks */ = {
			isa = PBXGroup;
			children = (
				D47D98B71B5D5396005D4E92 /* libPods.a */,
				D47D98B51B5D535C005D4E92 /* libAFNetworking.a */,
				2FF827406001E5B1B44270B7 /* libPods.a */,
			);
			name = Frameworks;
			sourceTree = "<group>";
		};
		D4D401231B5D3D0700BEB84C = {
			isa = PBXGroup;
			children = (
				D4D4012E1B5D3D0700BEB84C /* TiendaDiscos */,
				D4D401481B5D3D0700BEB84C /* TiendaDiscosTests */,
				D4D4012D1B5D3D0700BEB84C /* Products */,
				FF24A74D02D39A641F9CC555 /* Pods */,
				A330BB18926E3E6ABBD4094E /* Frameworks */,
			);
			sourceTree = "<group>";
		};
		D4D4012D1B5D3D0700BEB84C /* Products */ = {
			isa = PBXGroup;
			children = (
				D4D4012C1B5D3D0700BEB84C /* TiendaDiscos.app */,
				D4D401451B5D3D0700BEB84C /* TiendaDiscosTests.xctest */,
			);
			name = Products;
			sourceTree = "<group>";
		};
		D4D4012E1B5D3D0700BEB84C /* TiendaDiscos */ = {
			isa = PBXGroup;
			children = (
				D4D401331B5D3D0700BEB84C /* AppDelegate.h */,
				D4D401341B5D3D0700BEB84C /* AppDelegate.m */,
				D4D401361B5D3D0700BEB84C /* ViewController.h */,
				D4D401371B5D3D0700BEB84C /* ViewController.m */,
				D4D401391B5D3D0700BEB84C /* Main.storyboard */,
				D4D4013C1B5D3D0700BEB84C /* Images.xcassets */,
				D4D4013E1B5D3D0700BEB84C /* LaunchScreen.xib */,
				D4D4012F1B5D3D0700BEB84C /* Supporting Files */,
				D47D98B21B5D46D0005D4E92 /* ControllerRegistro.h */,
				D47D98B31B5D46D0005D4E92 /* ControllerRegistro.m */,
				D47D98C51B5D6D38005D4E92 /* TableViewControllerDiscos.h */,
				D47D98C61B5D6D38005D4E92 /* TableViewControllerDiscos.m */,
				D47D98C71B5D6D38005D4E92 /* TableViewControllerDiscos.xib */,
				D47D98CD1B5D903B005D4E92 /* Disco.h */,
				D47D98CE1B5D903B005D4E92 /* Disco.m */,
				D47D99081B5DA61B005D4E92 /* controllerGeneral.h */,
				D47D99091B5DA61B005D4E92 /* controllerGeneral.m */,
				D47D990A1B5DA61B005D4E92 /* controllerGeneral.xib */,
			);
			path = TiendaDiscos;
			sourceTree = "<group>";
		};
		D4D4012F1B5D3D0700BEB84C /* Supporting Files */ = {
			isa = PBXGroup;
			children = (
				D4D401301B5D3D0700BEB84C /* Info.plist */,
				D4D401311B5D3D0700BEB84C /* main.m */,
			);
			name = "Supporting Files";
			sourceTree = "<group>";
		};
		D4D401481B5D3D0700BEB84C /* TiendaDiscosTests */ = {
			isa = PBXGroup;
			children = (
				D4D4014B1B5D3D0700BEB84C /* TiendaDiscosTests.m */,
				D4D401491B5D3D0700BEB84C /* Supporting Files */,
			);
			path = TiendaDiscosTests;
			sourceTree = "<group>";
		};
		D4D401491B5D3D0700BEB84C /* Supporting Files */ = {
			isa = PBXGroup;
			children = (
				D4D4014A1B5D3D0700BEB84C /* Info.plist */,
			);
			name = "Supporting Files";
			sourceTree = "<group>";
		};
		FF24A74D02D39A641F9CC555 /* Pods */ = {
			isa = PBXGroup;
			children = (
				EF30459669A9BD775B8E2778 /* Pods.debug.xcconfig */,
				C348FF247D463C1970FA43B3 /* Pods.release.xcconfig */,
			);
			name = Pods;
			sourceTree = "<group>";
		};
/* End PBXGroup section */

/* Begin PBXNativeTarget section */
		D4D4012B1B5D3D0700BEB84C /* TiendaDiscos */ = {
			isa = PBXNativeTarget;
			buildConfigurationList = D4D4014F1B5D3D0700BEB84C /* Build configuration list for PBXNativeTarget "TiendaDiscos" */;
			buildPhases = (
				22409C3E00AD4C92AE4B3D68 /* Check Pods Manifest.lock */,
				D4D401281B5D3D0700BEB84C /* Sources */,
				D4D401291B5D3D0700BEB84C /* Frameworks */,
				D4D4012A1B5D3D0700BEB84C /* Resources */,
				90BE209A97FB58F78152CFFA /* Copy Pods Resources */,
			);
			buildRules = (
			);
			dependencies = (
			);
			name = TiendaDiscos;
			productName = TiendaDiscos;
			productReference = D4D4012C1B5D3D0700BEB84C /* TiendaDiscos.app */;
			productType = "com.apple.product-type.application";
		};
		D4D401441B5D3D0700BEB84C /* TiendaDiscosTests */ = {
			isa = PBXNativeTarget;
			buildConfigurationList = D4D401521B5D3D0700BEB84C /* Build configuration list for PBXNativeTarget "TiendaDiscosTests" */;
			buildPhases = (
				D4D401411B5D3D0700BEB84C /* Sources */,
				D4D401421B5D3D0700BEB84C /* Frameworks */,
				D4D401431B5D3D0700BEB84C /* Resources */,
			);
			buildRules = (
			);
			dependencies = (
				D4D401471B5D3D0700BEB84C /* PBXTargetDependency */,
			);
			name = TiendaDiscosTests;
			productName = TiendaDiscosTests;
			productReference = D4D401451B5D3D0700BEB84C /* TiendaDiscosTests.xctest */;
			productType = "com.apple.product-type.bundle.unit-test";
		};
/* End PBXNativeTarget section */

/* Begin PBXProject section */
		D4D401241B5D3D0700BEB84C /* Project object */ = {
			isa = PBXProject;
			attributes = {
				LastUpgradeCheck = 0640;
				ORGANIZATIONNAME = "MAC COMPARTIDA2";
				TargetAttributes = {
					D4D4012B1B5D3D0700BEB84C = {
						CreatedOnToolsVersion = 6.4;
					};
					D4D401441B5D3D0700BEB84C = {
						CreatedOnToolsVersion = 6.4;
						TestTargetID = D4D4012B1B5D3D0700BEB84C;
					};
				};
			};
			buildConfigurationList = D4D401271B5D3D0700BEB84C /* Build configuration list for PBXProject "TiendaDiscos" */;
			compatibilityVersion = "Xcode 3.2";
			developmentRegion = English;
			hasScannedForEncodings = 0;
			knownRegions = (
				en,
				Base,
			);
			mainGroup = D4D401231B5D3D0700BEB84C;
			productRefGroup = D4D4012D1B5D3D0700BEB84C /* Products */;
			projectDirPath = "";
			projectRoot = "";
			targets = (
				D4D4012B1B5D3D0700BEB84C /* TiendaDiscos */,
				D4D401441B5D3D0700BEB84C /* TiendaDiscosTests */,
			);
		};
/* End PBXProject section */

/* Begin PBXResourcesBuildPhase section */
		D4D4012A1B5D3D0700BEB84C /* Resources */ = {
			isa = PBXResourcesBuildPhase;
			buildActionMask = 2147483647;
			files = (
				D4D4013B1B5D3D0700BEB84C /* Main.storyboard in Resources */,
				D4D401401B5D3D0700BEB84C /* LaunchScreen.xib in Resources */,
				D47D990C1B5DA61B005D4E92 /* controllerGeneral.xib in Resources */,
				D47D98C91B5D6D38005D4E92 /* TableViewControllerDiscos.xib in Resources */,
				D4D4013D1B5D3D0700BEB84C /* Images.xcassets in Resources */,
			);
			runOnlyForDeploymentPostprocessing = 0;
		};
		D4D401431B5D3D0700BEB84C /* Resources */ = {
			isa = PBXResourcesBuildPhase;
			buildActionMask = 2147483647;
			files = (
			);
			runOnlyForDeploymentPostprocessing = 0;
		};
/* End PBXResourcesBuildPhase section */

/* Begin PBXShellScriptBuildPhase section */
		22409C3E00AD4C92AE4B3D68 /* Check Pods Manifest.lock */ = {
			isa = PBXShellScriptBuildPhase;
			buildActionMask = 2147483647;
			files = (
			);
			inputPaths = (
			);
			name = "Check Pods Manifest.lock";
			outputPaths = (
			);
			runOnlyForDeploymentPostprocessing = 0;
			shellPath = /bin/sh;
			shellScript = "diff \"${PODS_ROOT}/../Podfile.lock\" \"${PODS_ROOT}/Manifest.lock\" > /dev/null\nif [[ $? != 0 ]] ; then\n    cat << EOM\nerror: The sandbox is not in sync with the Podfile.lock. Run 'pod install' or update your CocoaPods installation.\nEOM\n    exit 1\nfi\n";
			showEnvVarsInLog = 0;
		};
		90BE209A97FB58F78152CFFA /* Copy Pods Resources */ = {
			isa = PBXShellScriptBuildPhase;
			buildActionMask = 2147483647;
			files = (
			);
			inputPaths = (
			);
			name = "Copy Pods Resources";
			outputPaths = (
			);
			runOnlyForDeploymentPostprocessing = 0;
			shellPath = /bin/sh;
			shellScript = "\"${SRCROOT}/Pods/Target Support Files/Pods/Pods-resources.sh\"\n";
			showEnvVarsInLog = 0;
		};
/* End PBXShellScriptBuildPhase section */

/* Begin PBXSourcesBuildPhase section */
		D4D401281B5D3D0700BEB84C /* Sources */ = {
			isa = PBXSourcesBuildPhase;
			buildActionMask = 2147483647;
			files = (
				D47D98CF1B5D903B005D4E92 /* Disco.m in Sources */,
				D4D401381B5D3D0700BEB84C /* ViewController.m in Sources */,
				D4D401351B5D3D0700BEB84C /* AppDelegate.m in Sources */,
				D47D990B1B5DA61B005D4E92 /* controllerGeneral.m in Sources */,
				D47D98C81B5D6D38005D4E92 /* TableViewControllerDiscos.m in Sources */,
				D47D98B41B5D46D0005D4E92 /* ControllerRegistro.m in Sources */,
				D4D401321B5D3D0700BEB84C /* main.m in Sources */,
			);
			runOnlyForDeploymentPostprocessing = 0;
		};
		D4D401411B5D3D0700BEB84C /* Sources */ = {
			isa = PBXSourcesBuildPhase;
			buildActionMask = 2147483647;
			files = (
				D4D4014C1B5D3D0700BEB84C /* TiendaDiscosTests.m in Sources */,
			);
			runOnlyForDeploymentPostprocessing = 0;
		};
/* End PBXSourcesBuildPhase section */

/* Begin PBXTargetDependency section */
		D4D401471B5D3D0700BEB84C /* PBXTargetDependency */ = {
			isa = PBXTargetDependency;
			target = D4D4012B1B5D3D0700BEB84C /* TiendaDiscos */;
			targetProxy = D4D401461B5D3D0700BEB84C /* PBXContainerItemProxy */;
		};
/* End PBXTargetDependency section */

/* Begin PBXVariantGroup section */
		D4D401391B5D3D0700BEB84C /* Main.storyboard */ = {
			isa = PBXVariantGroup;
			children = (
				D4D4013A1B5D3D0700BEB84C /* Base */,
			);
			name = Main.storyboard;
			sourceTree = "<group>";
		};
		D4D4013E1B5D3D0700BEB84C /* LaunchScreen.xib */ = {
			isa = PBXVariantGroup;
			children = (
				D4D4013F1B5D3D0700BEB84C /* Base */,
			);
			name = LaunchScreen.xib;
			sourceTree = "<group>";
		};
/* End PBXVariantGroup section */

/* Begin XCBuildConfiguration section */
		D4D4014D1B5D3D0700BEB84C /* Debug */ = {
			isa = XCBuildConfiguration;
			buildSettings = {
				ALWAYS_SEARCH_USER_PATHS = NO;
				CLANG_CXX_LANGUAGE_STANDARD = "gnu++0x";
				CLANG_CXX_LIBRARY = "libc++";
				CLANG_ENABLE_MODULES = YES;
				CLANG_ENABLE_OBJC_ARC = YES;
				CLANG_WARN_BOOL_CONVERSION = YES;
				CLANG_WARN_CONSTANT_CONVERSION = YES;
				CLANG_WARN_DIRECT_OBJC_ISA_USAGE = YES_ERROR;
				CLANG_WARN_EMPTY_BODY = YES;
				CLANG_WARN_ENUM_CONVERSION = YES;
				CLANG_WARN_INT_CONVERSION = YES;
				CLANG_WARN_OBJC_ROOT_CLASS = YES_ERROR;
				CLANG_WARN_UNREACHABLE_CODE = YES;
				CLANG_WARN__DUPLICATE_METHOD_MATCH = YES;
				"CODE_SIGN_IDENTITY[sdk=iphoneos*]" = "iPhone Developer";
				COPY_PHASE_STRIP = NO;
				DEBUG_INFORMATION_FORMAT = "dwarf-with-dsym";
				ENABLE_STRICT_OBJC_MSGSEND = YES;
				GCC_C_LANGUAGE_STANDARD = gnu99;
				GCC_DYNAMIC_NO_PIC = NO;
				GCC_NO_COMMON_BLOCKS = YES;
				GCC_OPTIMIZATION_LEVEL = 0;
				GCC_PREPROCESSOR_DEFINITIONS = (
					"DEBUG=1",
					"$(inherited)",
				);
				GCC_SYMBOLS_PRIVATE_EXTERN = NO;
				GCC_WARN_64_TO_32_BIT_CONVERSION = YES;
				GCC_WARN_ABOUT_RETURN_TYPE = YES_ERROR;
				GCC_WARN_UNDECLARED_SELECTOR = YES;
				GCC_WARN_UNINITIALIZED_AUTOS = YES_AGGRESSIVE;
				GCC_WARN_UNUSED_FUNCTION = YES;
				GCC_WARN_UNUSED_VARIABLE = YES;
				IPHONEOS_DEPLOYMENT_TARGET = 8.4;
				MTL_ENABLE_DEBUG_INFO = YES;
				ONLY_ACTIVE_ARCH = YES;
				SDKROOT = iphoneos;
			};
			name = Debug;
		};
		D4D4014E1B5D3D0700BEB84C /* Release */ = {
			isa = XCBuildConfiguration;
			buildSettings = {
				ALWAYS_SEARCH_USER_PATHS = NO;
				CLANG_CXX_LANGUAGE_STANDARD = "gnu++0x";
				CLANG_CXX_LIBRARY = "libc++";
				CLANG_ENABLE_MODULES = YES;
				CLANG_ENABLE_OBJC_ARC = YES;
				CLANG_WARN_BOOL_CONVERSION = YES;
				CLANG_WARN_CONSTANT_CONVERSION = YES;
				CLANG_WARN_DIRECT_OBJC_ISA_USAGE = YES_ERROR;
				CLANG_WARN_EMPTY_BODY = YES;
				CLANG_WARN_ENUM_CONVERSION = YES;
				CLANG_WARN_INT_CONVERSION = YES;
				CLANG_WARN_OBJC_ROOT_CLASS = YES_ERROR;
				CLANG_WARN_UNREACHABLE_CODE = YES;
				CLANG_WARN__DUPLICATE_METHOD_MATCH = YES;
				"CODE_SIGN_IDENTITY[sdk=iphoneos*]" = "iPhone Developer";
				COPY_PHASE_STRIP = NO;
				DEBUG_INFORMATION_FORMAT = "dwarf-with-dsym";
				ENABLE_NS_ASSERTIONS = NO;
				ENABLE_STRICT_OBJC_MSGSEND = YES;
				GCC_C_LANGUAGE_STANDARD = gnu99;
				GCC_NO_COMMON_BLOCKS = YES;
				GCC_WARN_64_TO_32_BIT_CONVERSION = YES;
				GCC_WARN_ABOUT_RETURN_TYPE = YES_ERROR;
				GCC_WARN_UNDECLARED_SELECTOR = YES;
				GCC_WARN_UNINITIALIZED_AUTOS = YES_AGGRESSIVE;
				GCC_WARN_UNUSED_FUNCTION = YES;
				GCC_WARN_UNUSED_VARIABLE = YES;
				IPHONEOS_DEPLOYMENT_TARGET = 8.4;
				MTL_ENABLE_DEBUG_INFO = NO;
				SDKROOT = iphoneos;
				VALIDATE_PRODUCT = YES;
			};
			name = Release;
		};
		D4D401501B5D3D0700BEB84C /* Debug */ = {
			isa = XCBuildConfiguration;
			baseConfigurationReference = EF30459669A9BD775B8E2778 /* Pods.debug.xcconfig */;
			buildSettings = {
				ASSETCATALOG_COMPILER_APPICON_NAME = AppIcon;
				INFOPLIST_FILE = TiendaDiscos/Info.plist;
				LD_RUNPATH_SEARCH_PATHS = "$(inherited) @executable_path/Frameworks";
				LIBRARY_SEARCH_PATHS = (
					"$(inherited)",
					"$(PROJECT_DIR)/build/Debug-iphoneos",
				);
				PRODUCT_NAME = "$(TARGET_NAME)";
			};
			name = Debug;
		};
		D4D401511B5D3D0700BEB84C /* Release */ = {
			isa = XCBuildConfiguration;
			baseConfigurationReference = C348FF247D463C1970FA43B3 /* Pods.release.xcconfig */;
			buildSettings = {
				ASSETCATALOG_COMPILER_APPICON_NAME = AppIcon;
				INFOPLIST_FILE = TiendaDiscos/Info.plist;
				LD_RUNPATH_SEARCH_PATHS = "$(inherited) @executable_path/Frameworks";
				LIBRARY_SEARCH_PATHS = (
					"$(inherited)",
					"$(PROJECT_DIR)/build/Debug-iphoneos",
				);
				PRODUCT_NAME = "$(TARGET_NAME)";
			};
			name = Release;
		};
		D4D401531B5D3D0700BEB84C /* Debug */ = {
			isa = XCBuildConfiguration;
			buildSettings = {
				BUNDLE_LOADER = "$(TEST_HOST)";
				FRAMEWORK_SEARCH_PATHS = (
					"$(SDKROOT)/Developer/Library/Frameworks",
					"$(inherited)",
				);
				GCC_PREPROCESSOR_DEFINITIONS = (
					"DEBUG=1",
					"$(inherited)",
				);
				INFOPLIST_FILE = TiendaDiscosTests/Info.plist;
				LD_RUNPATH_SEARCH_PATHS = "$(inherited) @executable_path/Frameworks @loader_path/Frameworks";
				PRODUCT_NAME = "$(TARGET_NAME)";
				TEST_HOST = "$(BUILT_PRODUCTS_DIR)/TiendaDiscos.app/TiendaDiscos";
			};
			name = Debug;
		};
		D4D401541B5D3D0700BEB84C /* Release */ = {
			isa = XCBuildConfiguration;
			buildSettings = {
				BUNDLE_LOADER = "$(TEST_HOST)";
				FRAMEWORK_SEARCH_PATHS = (
					"$(SDKROOT)/Developer/Library/Frameworks",
					"$(inherited)",
				);
				INFOPLIST_FILE = TiendaDiscosTests/Info.plist;
				LD_RUNPATH_SEARCH_PATHS = "$(inherited) @executable_path/Frameworks @loader_path/Frameworks";
				PRODUCT_NAME = "$(TARGET_NAME)";
				TEST_HOST = "$(BUILT_PRODUCTS_DIR)/TiendaDiscos.app/TiendaDiscos";
			};
			name = Release;
		};
/* End XCBuildConfiguration section */

/* Begin XCConfigurationList section */
		D4D401271B5D3D0700BEB84C /* Build configuration list for PBXProject "TiendaDiscos" */ = {
			isa = XCConfigurationList;
			buildConfigurations = (
				D4D4014D1B5D3D0700BEB84C /* Debug */,
				D4D4014E1B5D3D0700BEB84C /* Release */,
			);
			defaultConfigurationIsVisible = 0;
			defaultConfigurationName = Release;
		};
		D4D4014F1B5D3D0700BEB84C /* Build configuration list for PBXNativeTarget "TiendaDiscos" */ = {
			isa = XCConfigurationList;
			buildConfigurations = (
				D4D401501B5D3D0700BEB84C /* Debug */,
				D4D401511B5D3D0700BEB84C /* Release */,
			);
			defaultConfigurationIsVisible = 0;
			defaultConfigurationName = Release;
		};
		D4D401521B5D3D0700BEB84C /* Build configuration list for PBXNativeTarget "TiendaDiscosTests" */ = {
			isa = XCConfigurationList;
			buildConfigurations = (
				D4D401531B5D3D0700BEB84C /* Debug */,
				D4D401541B5D3D0700BEB84C /* Release */,
			);
			defaultConfigurationIsVisible = 0;
			defaultConfigurationName = Release;
		};
/* End XCConfigurationList section */
	};
	rootObject = D4D401241B5D3D0700BEB84C /* Project object */;
}
